
Microsoft Visual Studio Solution File, Format Version 12.00
# Visual Studio Version 17
VisualStudioVersion = 17.14.36603.0 d17.14
MinimumVisualStudioVersion = 10.0.40219.1
Project("{FAE04EC0-301F-11D3-BF4B-00C04F79EFBC}") = "TPV Hosteleria", "TPV Hosteleria.csproj", "{C8432FDE-F183-40D4-8BCC-AD05AA0E4A2B}"
EndProject
Global
	GlobalSection(SolutionConfigurationPlatforms) = preSolution
		Debug|Any CPU = Debug|Any CPU
		Release|Any CPU = Release|Any CPU
	EndGlobalSection
	GlobalSection(ProjectConfigurationPlatforms) = postSolution
		{C8432FDE-F183-40D4-8BCC-AD05AA0E4A2B}.Debug|Any CPU.ActiveCfg = Debug|Any CPU
		{C8432FDE-F183-40D4-8BCC-AD05AA0E4A2B}.Debug|Any CPU.Build.0 = Debug|Any CPU
		{C8432FDE-F183-40D4-8BCC-AD05AA0E4A2B}.Release|Any CPU.ActiveCfg = Release|Any CPU
		{C8432FDE-F183-40D4-8BCC-AD05AA0E4A2B}.Release|Any CPU.Build.0 = Release|Any CPU
	EndGlobalSection
	GlobalSection(SolutionProperties) = preSolution
		HideSolutionNode = FALSE
	EndGlobalSection
	GlobalSection(ExtensibilityGlobals) = postSolution
		SolutionGuid = {C0A976D6-CBE0-48D2-ADD9-F6117DD321FA}
	EndGlobalSection
EndGlobal
